{
    "_meta": {
        "hash": {
            "sha256": "06e5cab4429f94f6bc2485755362f5e614179e044bb015e6817c3e2c027589ba"
        },
        "pipfile-spec": 6,
        "requires": {
            "python_version": "3.10"
        },
        "sources": [
            {
                "name": "pypi",
                "url": "https://pypi.org/simple",
                "verify_ssl": true
            }
        ]
    },
    "default": {},
    "develop": {
        "cloudpickle": {
            "hashes": [
                "sha256:61f594d1f4c295fa5cd9014ceb3a1fc4a70b0de1164b94fbc2d854ccba056f9f",
                "sha256:d89684b8de9e34a2a43b3460fbca07d09d6e25ce858df4d5a44240403b6178f5"
            ],
            "markers": "python_version >= '3.6'",
            "version": "==2.2.1"
        },
        "doit": {
            "hashes": [
                "sha256:71d07ccc9514cb22fe59d98999577665eaab57e16f644d04336ae0b4bae234bc",
                "sha256:ebc285f6666871b5300091c26eafdff3de968a6bd60ea35dd1e3fc6f2e32479a"
            ],
            "index": "pypi",
            "version": "==0.36.0"
        },
        "importlib-metadata": {
            "hashes": [
                "sha256:43dd286a2cd8995d5eaef7fee2066340423b818ed3fd70adf0bad5f1fac53fed",
                "sha256:92501cdf9cc66ebd3e612f1b4f0c0765dfa42f0fa38ffb319b6bd84dd675d705"
            ],
            "markers": "python_version >= '3.7'",
            "version": "==6.6.0"
        },
        "zipp": {
            "hashes": [
                "sha256:112929ad649da941c23de50f356a2b5570c954b65150642bccdd66bf194d224b",
                "sha256:48904fc76a60e542af151aded95726c1a5c34ed43ab4134b597665c86d7ad556"
            ],
            "markers": "python_version >= '3.7'",
            "version": "==3.15.0"
        }
    }
}
